// !$*UTF8*$!
{
	archiveVersion = 1;
	classes = {
	};
	objectVersion = 56;
	objects = {

/* Begin PBXBuildFile section */
		C39C216D2B6A4F6A00BC5BBF /* launchScreenViewController.swift in Sources */ = {isa = PBXBuildFile; fileRef = C39C216C2B6A4F6A00BC5BBF /* launchScreenViewController.swift */; };
		C39EF1642B68F2950014EF2C /* SignUpPageViewController.swift in Sources */ = {isa = PBXBuildFile; fileRef = C39EF1632B68F2950014EF2C /* SignUpPageViewController.swift */; };
		C3A4BB912B5F6E4C004A9EB4 /* AppDelegate.swift in Sources */ = {isa = PBXBuildFile; fileRef = C3A4BB902B5F6E4C004A9EB4 /* AppDelegate.swift */; };
		C3A4BB932B5F6E4C004A9EB4 /* SceneDelegate.swift in Sources */ = {isa = PBXBuildFile; fileRef = C3A4BB922B5F6E4C004A9EB4 /* SceneDelegate.swift */; };
		C3A4BB982B5F6E4C004A9EB4 /* Main.storyboard in Resources */ = {isa = PBXBuildFile; fileRef = C3A4BB962B5F6E4C004A9EB4 /* Main.storyboard */; };
		C3A4BB9A2B5F6E4D004A9EB4 /* Assets.xcassets in Resources */ = {isa = PBXBuildFile; fileRef = C3A4BB992B5F6E4D004A9EB4 /* Assets.xcassets */; };
		C3A4BB9D2B5F6E4D004A9EB4 /* LaunchScreen.storyboard in Resources */ = {isa = PBXBuildFile; fileRef = C3A4BB9B2B5F6E4D004A9EB4 /* LaunchScreen.storyboard */; };
		C3A4BBAB2B5F73B4004A9EB4 /* customCheckbox.swift in Sources */ = {isa = PBXBuildFile; fileRef = C3A4BBAA2B5F73B4004A9EB4 /* customCheckbox.swift */; };
		C3A4BBAD2B5F761A004A9EB4 /* TodoListTableViewCell.swift in Sources */ = {isa = PBXBuildFile; fileRef = C3A4BBAC2B5F761A004A9EB4 /* TodoListTableViewCell.swift */; };
		C3A4BBAF2B5F8E7D004A9EB4 /* TodoListpageViewController.swift in Sources */ = {isa = PBXBuildFile; fileRef = C3A4BBAE2B5F8E7D004A9EB4 /* TodoListpageViewController.swift */; };
		C3A4BBB42B5F98EA004A9EB4 /* CustomButton.swift in Sources */ = {isa = PBXBuildFile; fileRef = C3A4BBB32B5F98EA004A9EB4 /* CustomButton.swift */; };
		C3A4BBB62B5F9BB7004A9EB4 /* addTaskViewController.swift in Sources */ = {isa = PBXBuildFile; fileRef = C3A4BBB52B5F9BB7004A9EB4 /* addTaskViewController.swift */; };
		C3BBCC2B2B60CD010020DB87 /* Notes.xcdatamodeld in Sources */ = {isa = PBXBuildFile; fileRef = C3BBCC292B60CD010020DB87 /* Notes.xcdatamodeld */; };
		C3BBCC352B60D3BB0020DB87 /* CoreDataManager.swift in Sources */ = {isa = PBXBuildFile; fileRef = C3BBCC342B60D3BB0020DB87 /* CoreDataManager.swift */; };
		C3BBCC382B61009B0020DB87 /* TasksBySectionViewController.swift in Sources */ = {isa = PBXBuildFile; fileRef = C3BBCC372B61009B0020DB87 /* TasksBySectionViewController.swift */; };
		C3BBCC3A2B6106620020DB87 /* TaskTableViewCell.swift in Sources */ = {isa = PBXBuildFile; fileRef = C3BBCC392B6106620020DB87 /* TaskTableViewCell.swift */; };
		C3BBCC3D2B610B780020DB87 /* Tasks+CoreDataClass.swift in Sources */ = {isa = PBXBuildFile; fileRef = C3BBCC3B2B610B780020DB87 /* Tasks+CoreDataClass.swift */; };
		C3BBCC3E2B610B780020DB87 /* Tasks+CoreDataProperties.swift in Sources */ = {isa = PBXBuildFile; fileRef = C3BBCC3C2B610B780020DB87 /* Tasks+CoreDataProperties.swift */; };
		C3BC1D802B62252000DBD44B /* TaskDelegate.swift in Sources */ = {isa = PBXBuildFile; fileRef = C3BC1D7F2B62252000DBD44B /* TaskDelegate.swift */; };
		C3BC1D822B623C7A00DBD44B /* AddTaskProtocol.swift in Sources */ = {isa = PBXBuildFile; fileRef = C3BC1D812B623C7A00DBD44B /* AddTaskProtocol.swift */; };
		C3BC1D852B6252B900DBD44B /* LoginpageViewController.swift in Sources */ = {isa = PBXBuildFile; fileRef = C3BC1D842B6252B900DBD44B /* LoginpageViewController.swift */; };
		C3BC1D892B62537E00DBD44B /* CustomTextField.swift in Sources */ = {isa = PBXBuildFile; fileRef = C3BC1D882B62537E00DBD44B /* CustomTextField.swift */; };
		C3BC1D8B2B62563700DBD44B /* CustomLabel.swift in Sources */ = {isa = PBXBuildFile; fileRef = C3BC1D8A2B62563700DBD44B /* CustomLabel.swift */; };
		C3CD58682B67A0F500943EA9 /* ItemStarred.swift in Sources */ = {isa = PBXBuildFile; fileRef = C3CD58672B67A0F500943EA9 /* ItemStarred.swift */; };
		C3CD586A2B67AB9400943EA9 /* ListTableDataSource.swift in Sources */ = {isa = PBXBuildFile; fileRef = C3CD58692B67AB9400943EA9 /* ListTableDataSource.swift */; };
		C3CD586C2B67AC3B00943EA9 /* ScrollListTableDelegate.swift in Sources */ = {isa = PBXBuildFile; fileRef = C3CD586B2B67AC3B00943EA9 /* ScrollListTableDelegate.swift */; };
		C3CD586E2B67C40D00943EA9 /* TaskBySectionTableViewDelegate.swift in Sources */ = {isa = PBXBuildFile; fileRef = C3CD586D2B67C40D00943EA9 /* TaskBySectionTableViewDelegate.swift */; };
		C3CD58702B67C55B00943EA9 /* TaskBySectionAddTask.swift in Sources */ = {isa = PBXBuildFile; fileRef = C3CD586F2B67C55B00943EA9 /* TaskBySectionAddTask.swift */; };
/* End PBXBuildFile section */

/* Begin PBXFileReference section */
		C39C216C2B6A4F6A00BC5BBF /* launchScreenViewController.swift */ = {isa = PBXFileReference; lastKnownFileType = sourcecode.swift; path = launchScreenViewController.swift; sourceTree = "<group>"; };
		C39EF1632B68F2950014EF2C /* SignUpPageViewController.swift */ = {isa = PBXFileReference; lastKnownFileType = sourcecode.swift; path = SignUpPageViewController.swift; sourceTree = "<group>"; };
		C3A4BB8D2B5F6E4C004A9EB4 /* ToDoList.app */ = {isa = PBXFileReference; explicitFileType = wrapper.application; includeInIndex = 0; path = ToDoList.app; sourceTree = BUILT_PRODUCTS_DIR; };
		C3A4BB902B5F6E4C004A9EB4 /* AppDelegate.swift */ = {isa = PBXFileReference; lastKnownFileType = sourcecode.swift; path = AppDelegate.swift; sourceTree = "<group>"; };
		C3A4BB922B5F6E4C004A9EB4 /* SceneDelegate.swift */ = {isa = PBXFileReference; lastKnownFileType = sourcecode.swift; path = SceneDelegate.swift; sourceTree = "<group>"; };
		C3A4BB972B5F6E4C004A9EB4 /* Base */ = {isa = PBXFileReference; lastKnownFileType = file.storyboard; name = Base; path = Base.lproj/Main.storyboard; sourceTree = "<group>"; };
		C3A4BB992B5F6E4D004A9EB4 /* Assets.xcassets */ = {isa = PBXFileReference; lastKnownFileType = folder.assetcatalog; path = Assets.xcassets; sourceTree = "<group>"; };
		C3A4BB9C2B5F6E4D004A9EB4 /* Base */ = {isa = PBXFileReference; lastKnownFileType = file.storyboard; name = Base; path = Base.lproj/LaunchScreen.storyboard; sourceTree = "<group>"; };
		C3A4BB9E2B5F6E4D004A9EB4 /* Info.plist */ = {isa = PBXFileReference; lastKnownFileType = text.plist.xml; path = Info.plist; sourceTree = "<group>"; };
		C3A4BBAA2B5F73B4004A9EB4 /* customCheckbox.swift */ = {isa = PBXFileReference; lastKnownFileType = sourcecode.swift; path = customCheckbox.swift; sourceTree = "<group>"; };
		C3A4BBAC2B5F761A004A9EB4 /* TodoListTableViewCell.swift */ = {isa = PBXFileReference; lastKnownFileType = sourcecode.swift; path = TodoListTableViewCell.swift; sourceTree = "<group>"; };
		C3A4BBAE2B5F8E7D004A9EB4 /* TodoListpageViewController.swift */ = {isa = PBXFileReference; lastKnownFileType = sourcecode.swift; path = TodoListpageViewController.swift; sourceTree = "<group>"; };
		C3A4BBB32B5F98EA004A9EB4 /* CustomButton.swift */ = {isa = PBXFileReference; lastKnownFileType = sourcecode.swift; path = CustomButton.swift; sourceTree = "<group>"; };
		C3A4BBB52B5F9BB7004A9EB4 /* addTaskViewController.swift */ = {isa = PBXFileReference; lastKnownFileType = sourcecode.swift; path = addTaskViewController.swift; sourceTree = "<group>"; };
		C3BBCC2A2B60CD010020DB87 /* Notes.xcdatamodel */ = {isa = PBXFileReference; lastKnownFileType = wrapper.xcdatamodel; path = Notes.xcdatamodel; sourceTree = "<group>"; };
		C3BBCC342B60D3BB0020DB87 /* CoreDataManager.swift */ = {isa = PBXFileReference; lastKnownFileType = sourcecode.swift; path = CoreDataManager.swift; sourceTree = "<group>"; };
		C3BBCC372B61009B0020DB87 /* TasksBySectionViewController.swift */ = {isa = PBXFileReference; lastKnownFileType = sourcecode.swift; path = TasksBySectionViewController.swift; sourceTree = "<group>"; };
		C3BBCC392B6106620020DB87 /* TaskTableViewCell.swift */ = {isa = PBXFileReference; lastKnownFileType = sourcecode.swift; path = TaskTableViewCell.swift; sourceTree = "<group>"; };
		C3BBCC3B2B610B780020DB87 /* Tasks+CoreDataClass.swift */ = {isa = PBXFileReference; lastKnownFileType = sourcecode.swift; path = "Tasks+CoreDataClass.swift"; sourceTree = "<group>"; };
		C3BBCC3C2B610B780020DB87 /* Tasks+CoreDataProperties.swift */ = {isa = PBXFileReference; lastKnownFileType = sourcecode.swift; path = "Tasks+CoreDataProperties.swift"; sourceTree = "<group>"; };
		C3BC1D7F2B62252000DBD44B /* TaskDelegate.swift */ = {isa = PBXFileReference; lastKnownFileType = sourcecode.swift; path = TaskDelegate.swift; sourceTree = "<group>"; };
		C3BC1D812B623C7A00DBD44B /* AddTaskProtocol.swift */ = {isa = PBXFileReference; lastKnownFileType = sourcecode.swift; path = AddTaskProtocol.swift; sourceTree = "<group>"; };
		C3BC1D842B6252B900DBD44B /* LoginpageViewController.swift */ = {isa = PBXFileReference; lastKnownFileType = sourcecode.swift; path = LoginpageViewController.swift; sourceTree = "<group>"; };
		C3BC1D882B62537E00DBD44B /* CustomTextField.swift */ = {isa = PBXFileReference; lastKnownFileType = sourcecode.swift; path = CustomTextField.swift; sourceTree = "<group>"; };
		C3BC1D8A2B62563700DBD44B /* CustomLabel.swift */ = {isa = PBXFileReference; lastKnownFileType = sourcecode.swift; path = CustomLabel.swift; sourceTree = "<group>"; };
		C3CD58672B67A0F500943EA9 /* ItemStarred.swift */ = {isa = PBXFileReference; lastKnownFileType = sourcecode.swift; path = ItemStarred.swift; sourceTree = "<group>"; };
		C3CD58692B67AB9400943EA9 /* ListTableDataSource.swift */ = {isa = PBXFileReference; lastKnownFileType = sourcecode.swift; path = ListTableDataSource.swift; sourceTree = "<group>"; };
		C3CD586B2B67AC3B00943EA9 /* ScrollListTableDelegate.swift */ = {isa = PBXFileReference; lastKnownFileType = sourcecode.swift; path = ScrollListTableDelegate.swift; sourceTree = "<group>"; };
		C3CD586D2B67C40D00943EA9 /* TaskBySectionTableViewDelegate.swift */ = {isa = PBXFileReference; lastKnownFileType = sourcecode.swift; path = TaskBySectionTableViewDelegate.swift; sourceTree = "<group>"; };
		C3CD586F2B67C55B00943EA9 /* TaskBySectionAddTask.swift */ = {isa = PBXFileReference; lastKnownFileType = sourcecode.swift; path = TaskBySectionAddTask.swift; sourceTree = "<group>"; };
/* End PBXFileReference section */

/* Begin PBXFrameworksBuildPhase section */
		C3A4BB8A2B5F6E4C004A9EB4 /* Frameworks */ = {
			isa = PBXFrameworksBuildPhase;
			buildActionMask = 2147483647;
			files = (
			);
			runOnlyForDeploymentPostprocessing = 0;
		};
/* End PBXFrameworksBuildPhase section */

/* Begin PBXGroup section */
		C39C216B2B6A4F4200BC5BBF /* launch screen */ = {
			isa = PBXGroup;
			children = (
				C39C216C2B6A4F6A00BC5BBF /* launchScreenViewController.swift */,
			);
			path = "launch screen";
			sourceTree = "<group>";
		};
		C3A4BB842B5F6E4C004A9EB4 = {
			isa = PBXGroup;
			children = (
				C3A4BB8F2B5F6E4C004A9EB4 /* ToDoList */,
				C3A4BB8E2B5F6E4C004A9EB4 /* Products */,
			);
			sourceTree = "<group>";
		};
		C3A4BB8E2B5F6E4C004A9EB4 /* Products */ = {
			isa = PBXGroup;
			children = (
				C3A4BB8D2B5F6E4C004A9EB4 /* ToDoList.app */,
			);
			name = Products;
			sourceTree = "<group>";
		};
		C3A4BB8F2B5F6E4C004A9EB4 /* ToDoList */ = {
			isa = PBXGroup;
			children = (
				C3A4BBA52B5F6EC1004A9EB4 /* models */,
				C3A4BBA92B5F7384004A9EB4 /* views */,
				C3A4BBA42B5F6EB3004A9EB4 /* view controllers */,
				C3CD58722B67C9EB00943EA9 /* storyBoard */,
				C3CD58712B67C9C200943EA9 /* delegate */,
				C3A4BB992B5F6E4D004A9EB4 /* Assets.xcassets */,
				C3A4BB9E2B5F6E4D004A9EB4 /* Info.plist */,
			);
			path = ToDoList;
			sourceTree = "<group>";
		};
		C3A4BBA42B5F6EB3004A9EB4 /* view controllers */ = {
			isa = PBXGroup;
			children = (
				C39C216B2B6A4F4200BC5BBF /* launch screen */,
				C3BC1D832B62528400DBD44B /* Login page */,
				C3BBCC362B6100350020DB87 /* All Tasks */,
				C3A4BBBC2B5FE0A7004A9EB4 /* AddNotes page */,
				C3A4BBA62B5F6EDA004A9EB4 /* ToDoList page */,
			);
			path = "view controllers";
			sourceTree = "<group>";
		};
		C3A4BBA52B5F6EC1004A9EB4 /* models */ = {
			isa = PBXGroup;
			children = (
				C3BBCC3B2B610B780020DB87 /* Tasks+CoreDataClass.swift */,
				C3BBCC3C2B610B780020DB87 /* Tasks+CoreDataProperties.swift */,
				C3BBCC292B60CD010020DB87 /* Notes.xcdatamodeld */,
				C3BBCC342B60D3BB0020DB87 /* CoreDataManager.swift */,
			);
			path = models;
			sourceTree = "<group>";
		};
		C3A4BBA62B5F6EDA004A9EB4 /* ToDoList page */ = {
			isa = PBXGroup;
			children = (
				C3A4BBAC2B5F761A004A9EB4 /* TodoListTableViewCell.swift */,
				C3A4BBAE2B5F8E7D004A9EB4 /* TodoListpageViewController.swift */,
				C3CD58672B67A0F500943EA9 /* ItemStarred.swift */,
				C3CD58692B67AB9400943EA9 /* ListTableDataSource.swift */,
				C3CD586B2B67AC3B00943EA9 /* ScrollListTableDelegate.swift */,
			);
			path = "ToDoList page";
			sourceTree = "<group>";
		};
		C3A4BBA92B5F7384004A9EB4 /* views */ = {
			isa = PBXGroup;
			children = (
				C3A4BBAA2B5F73B4004A9EB4 /* customCheckbox.swift */,
				C3A4BBB32B5F98EA004A9EB4 /* CustomButton.swift */,
				C3BC1D882B62537E00DBD44B /* CustomTextField.swift */,
				C3BC1D8A2B62563700DBD44B /* CustomLabel.swift */,
			);
			path = views;
			sourceTree = "<group>";
		};
		C3A4BBBC2B5FE0A7004A9EB4 /* AddNotes page */ = {
			isa = PBXGroup;
			children = (
				C3A4BBB52B5F9BB7004A9EB4 /* addTaskViewController.swift */,
				C3BC1D812B623C7A00DBD44B /* AddTaskProtocol.swift */,
			);
			path = "AddNotes page";
			sourceTree = "<group>";
		};
		C3BBCC362B6100350020DB87 /* All Tasks */ = {
			isa = PBXGroup;
			children = (
				C3BBCC372B61009B0020DB87 /* TasksBySectionViewController.swift */,
				C3BBCC392B6106620020DB87 /* TaskTableViewCell.swift */,
				C3BC1D7F2B62252000DBD44B /* TaskDelegate.swift */,
				C3CD586D2B67C40D00943EA9 /* TaskBySectionTableViewDelegate.swift */,
				C3CD586F2B67C55B00943EA9 /* TaskBySectionAddTask.swift */,
			);
			path = "All Tasks";
			sourceTree = "<group>";
		};
		C3BC1D832B62528400DBD44B /* Login page */ = {
			isa = PBXGroup;
			children = (
				C3BC1D842B6252B900DBD44B /* LoginpageViewController.swift */,
				C39EF1632B68F2950014EF2C /* SignUpPageViewController.swift */,
			);
			path = "Login page";
			sourceTree = "<group>";
		};
		C3CD58712B67C9C200943EA9 /* delegate */ = {
			isa = PBXGroup;
			children = (
				C3A4BB902B5F6E4C004A9EB4 /* AppDelegate.swift */,
				C3A4BB922B5F6E4C004A9EB4 /* SceneDelegate.swift */,
			);
			path = delegate;
			sourceTree = "<group>";
		};
		C3CD58722B67C9EB00943EA9 /* storyBoard */ = {
			isa = PBXGroup;
			children = (
				C3A4BB962B5F6E4C004A9EB4 /* Main.storyboard */,
				C3A4BB9B2B5F6E4D004A9EB4 /* LaunchScreen.storyboard */,
			);
			path = storyBoard;
			sourceTree = "<group>";
		};
/* End PBXGroup section */

/* Begin PBXNativeTarget section */
		C3A4BB8C2B5F6E4C004A9EB4 /* ToDoList */ = {
			isa = PBXNativeTarget;
			buildConfigurationList = C3A4BBA12B5F6E4D004A9EB4 /* Build configuration list for PBXNativeTarget "ToDoList" */;
			buildPhases = (
				C3A4BB892B5F6E4C004A9EB4 /* Sources */,
				C3A4BB8A2B5F6E4C004A9EB4 /* Frameworks */,
				C3A4BB8B2B5F6E4C004A9EB4 /* Resources */,
			);
			buildRules = (
			);
			dependencies = (
			);
			name = ToDoList;
			productName = ToDoList;
			productReference = C3A4BB8D2B5F6E4C004A9EB4 /* ToDoList.app */;
			productType = "com.apple.product-type.application";
		};
/* End PBXNativeTarget section */

/* Begin PBXProject section */
		C3A4BB852B5F6E4C004A9EB4 /* Project object */ = {
			isa = PBXProject;
			attributes = {
				BuildIndependentTargetsInParallel = 1;
				LastSwiftUpdateCheck = 1520;
				LastUpgradeCheck = 1520;
				TargetAttributes = {
					C3A4BB8C2B5F6E4C004A9EB4 = {
						CreatedOnToolsVersion = 15.2;
					};
				};
			};
			buildConfigurationList = C3A4BB882B5F6E4C004A9EB4 /* Build configuration list for PBXProject "ToDoList" */;
			compatibilityVersion = "Xcode 14.0";
			developmentRegion = en;
			hasScannedForEncodings = 0;
			knownRegions = (
				en,
				Base,
			);
			mainGroup = C3A4BB842B5F6E4C004A9EB4;
			productRefGroup = C3A4BB8E2B5F6E4C004A9EB4 /* Products */;
			projectDirPath = "";
			projectRoot = "";
			targets = (
				C3A4BB8C2B5F6E4C004A9EB4 /* ToDoList */,
			);
		};
/* End PBXProject section */

/* Begin PBXResourcesBuildPhase section */
		C3A4BB8B2B5F6E4C004A9EB4 /* Resources */ = {
			isa = PBXResourcesBuildPhase;
			buildActionMask = 2147483647;
			files = (
				C3A4BB9D2B5F6E4D004A9EB4 /* LaunchScreen.storyboard in Resources */,
				C3A4BB9A2B5F6E4D004A9EB4 /* Assets.xcassets in Resources */,
				C3A4BB982B5F6E4C004A9EB4 /* Main.storyboard in Resources */,
			);
			runOnlyForDeploymentPostprocessing = 0;
		};
/* End PBXResourcesBuildPhase section */

/* Begin PBXSourcesBuildPhase section */
		C3A4BB892B5F6E4C004A9EB4 /* Sources */ = {
			isa = PBXSourcesBuildPhase;
			buildActionMask = 2147483647;
			files = (
				C3CD58682B67A0F500943EA9 /* ItemStarred.swift in Sources */,
				C3BBCC382B61009B0020DB87 /* TasksBySectionViewController.swift in Sources */,
				C3A4BB912B5F6E4C004A9EB4 /* AppDelegate.swift in Sources */,
				C39EF1642B68F2950014EF2C /* SignUpPageViewController.swift in Sources */,
				C3BBCC3D2B610B780020DB87 /* Tasks+CoreDataClass.swift in Sources */,
				C39C216D2B6A4F6A00BC5BBF /* launchScreenViewController.swift in Sources */,
				C3CD586E2B67C40D00943EA9 /* TaskBySectionTableViewDelegate.swift in Sources */,
				C3A4BBAB2B5F73B4004A9EB4 /* customCheckbox.swift in Sources */,
				C3CD58702B67C55B00943EA9 /* TaskBySectionAddTask.swift in Sources */,
				C3BC1D822B623C7A00DBD44B /* AddTaskProtocol.swift in Sources */,
				C3A4BBB62B5F9BB7004A9EB4 /* addTaskViewController.swift in Sources */,
				C3BC1D852B6252B900DBD44B /* LoginpageViewController.swift in Sources */,
				C3A4BB932B5F6E4C004A9EB4 /* SceneDelegate.swift in Sources */,
				C3BC1D8B2B62563700DBD44B /* CustomLabel.swift in Sources */,
				C3A4BBB42B5F98EA004A9EB4 /* CustomButton.swift in Sources */,
				C3BC1D892B62537E00DBD44B /* CustomTextField.swift in Sources */,
				C3BBCC3A2B6106620020DB87 /* TaskTableViewCell.swift in Sources */,
				C3BBCC3E2B610B780020DB87 /* Tasks+CoreDataProperties.swift in Sources */,
				C3A4BBAF2B5F8E7D004A9EB4 /* TodoListpageViewController.swift in Sources */,
				C3BC1D802B62252000DBD44B /* TaskDelegate.swift in Sources */,
				C3BBCC2B2B60CD010020DB87 /* Notes.xcdatamodeld in Sources */,
				C3BBCC352B60D3BB0020DB87 /* CoreDataManager.swift in Sources */,
				C3CD586C2B67AC3B00943EA9 /* ScrollListTableDelegate.swift in Sources */,
				C3A4BBAD2B5F761A004A9EB4 /* TodoListTableViewCell.swift in Sources */,
				C3CD586A2B67AB9400943EA9 /* ListTableDataSource.swift in Sources */,
			);
			runOnlyForDeploymentPostprocessing = 0;
		};
/* End PBXSourcesBuildPhase section */

/* Begin PBXVariantGroup section */
		C3A4BB962B5F6E4C004A9EB4 /* Main.storyboard */ = {
			isa = PBXVariantGroup;
			children = (
				C3A4BB972B5F6E4C004A9EB4 /* Base */,
			);
			name = Main.storyboard;
			sourceTree = "<group>";
		};
		C3A4BB9B2B5F6E4D004A9EB4 /* LaunchScreen.storyboard */ = {
			isa = PBXVariantGroup;
			children = (
				C3A4BB9C2B5F6E4D004A9EB4 /* Base */,
			);
			name = LaunchScreen.storyboard;
			sourceTree = "<group>";
		};
/* End PBXVariantGroup section */

/* Begin XCBuildConfiguration section */
		C3A4BB9F2B5F6E4D004A9EB4 /* Debug */ = {
			isa = XCBuildConfiguration;
			buildSettings = {
				ALWAYS_SEARCH_USER_PATHS = NO;
				ASSETCATALOG_COMPILER_GENERATE_SWIFT_ASSET_SYMBOL_EXTENSIONS = YES;
				CLANG_ANALYZER_NONNULL = YES;
				CLANG_ANALYZER_NUMBER_OBJECT_CONVERSION = YES_AGGRESSIVE;
				CLANG_CXX_LANGUAGE_STANDARD = "gnu++20";
				CLANG_ENABLE_MODULES = YES;
				CLANG_ENABLE_OBJC_ARC = YES;
				CLANG_ENABLE_OBJC_WEAK = YES;
				CLANG_WARN_BLOCK_CAPTURE_AUTORELEASING = YES;
				CLANG_WARN_BOOL_CONVERSION = YES;
				CLANG_WARN_COMMA = YES;
				CLANG_WARN_CONSTANT_CONVERSION = YES;
				CLANG_WARN_DEPRECATED_OBJC_IMPLEMENTATIONS = YES;
				CLANG_WARN_DIRECT_OBJC_ISA_USAGE = YES_ERROR;
				CLANG_WARN_DOCUMENTATION_COMMENTS = YES;
				CLANG_WARN_EMPTY_BODY = YES;
				CLANG_WARN_ENUM_CONVERSION = YES;
				CLANG_WARN_INFINITE_RECURSION = YES;
				CLANG_WARN_INT_CONVERSION = YES;
				CLANG_WARN_NON_LITERAL_NULL_CONVERSION = YES;
				CLANG_WARN_OBJC_IMPLICIT_RETAIN_SELF = YES;
				CLANG_WARN_OBJC_LITERAL_CONVERSION = YES;
				CLANG_WARN_OBJC_ROOT_CLASS = YES_ERROR;
				CLANG_WARN_QUOTED_INCLUDE_IN_FRAMEWORK_HEADER = YES;
				CLANG_WARN_RANGE_LOOP_ANALYSIS = YES;
				CLANG_WARN_STRICT_PROTOTYPES = YES;
				CLANG_WARN_SUSPICIOUS_MOVE = YES;
				CLANG_WARN_UNGUARDED_AVAILABILITY = YES_AGGRESSIVE;
				CLANG_WARN_UNREACHABLE_CODE = YES;
				CLANG_WARN__DUPLICATE_METHOD_MATCH = YES;
				COPY_PHASE_STRIP = NO;
				DEBUG_INFORMATION_FORMAT = dwarf;
				ENABLE_STRICT_OBJC_MSGSEND = YES;
				ENABLE_TESTABILITY = YES;
				ENABLE_USER_SCRIPT_SANDBOXING = YES;
				GCC_C_LANGUAGE_STANDARD = gnu17;
				GCC_DYNAMIC_NO_PIC = NO;
				GCC_NO_COMMON_BLOCKS = YES;
				GCC_OPTIMIZATION_LEVEL = 0;
				GCC_PREPROCESSOR_DEFINITIONS = (
					"DEBUG=1",
					"$(inherited)",
				);
				GCC_WARN_64_TO_32_BIT_CONVERSION = YES;
				GCC_WARN_ABOUT_RETURN_TYPE = YES_ERROR;
				GCC_WARN_UNDECLARED_SELECTOR = YES;
				GCC_WARN_UNINITIALIZED_AUTOS = YES_AGGRESSIVE;
				GCC_WARN_UNUSED_FUNCTION = YES;
				GCC_WARN_UNUSED_VARIABLE = YES;
				IPHONEOS_DEPLOYMENT_TARGET = 17.2;
				LOCALIZATION_PREFERS_STRING_CATALOGS = YES;
				MTL_ENABLE_DEBUG_INFO = INCLUDE_SOURCE;
				MTL_FAST_MATH = YES;
				ONLY_ACTIVE_ARCH = YES;
				SDKROOT = iphoneos;
				SWIFT_ACTIVE_COMPILATION_CONDITIONS = "DEBUG $(inherited)";
				SWIFT_OPTIMIZATION_LEVEL = "-Onone";
			};
			name = Debug;
		};
		C3A4BBA02B5F6E4D004A9EB4 /* Release */ = {
			isa = XCBuildConfiguration;
			buildSettings = {
				ALWAYS_SEARCH_USER_PATHS = NO;
				ASSETCATALOG_COMPILER_GENERATE_SWIFT_ASSET_SYMBOL_EXTENSIONS = YES;
				CLANG_ANALYZER_NONNULL = YES;
				CLANG_ANALYZER_NUMBER_OBJECT_CONVERSION = YES_AGGRESSIVE;
				CLANG_CXX_LANGUAGE_STANDARD = "gnu++20";
				CLANG_ENABLE_MODULES = YES;
				CLANG_ENABLE_OBJC_ARC = YES;
				CLANG_ENABLE_OBJC_WEAK = YES;
				CLANG_WARN_BLOCK_CAPTURE_AUTORELEASING = YES;
				CLANG_WARN_BOOL_CONVERSION = YES;
				CLANG_WARN_COMMA = YES;
				CLANG_WARN_CONSTANT_CONVERSION = YES;
				CLANG_WARN_DEPRECATED_OBJC_IMPLEMENTATIONS = YES;
				CLANG_WARN_DIRECT_OBJC_ISA_USAGE = YES_ERROR;
				CLANG_WARN_DOCUMENTATION_COMMENTS = YES;
				CLANG_WARN_EMPTY_BODY = YES;
				CLANG_WARN_ENUM_CONVERSION = YES;
				CLANG_WARN_INFINITE_RECURSION = YES;
				CLANG_WARN_INT_CONVERSION = YES;
				CLANG_WARN_NON_LITERAL_NULL_CONVERSION = YES;
				CLANG_WARN_OBJC_IMPLICIT_RETAIN_SELF = YES;
				CLANG_WARN_OBJC_LITERAL_CONVERSION = YES;
				CLANG_WARN_OBJC_ROOT_CLASS = YES_ERROR;
				CLANG_WARN_QUOTED_INCLUDE_IN_FRAMEWORK_HEADER = YES;
				CLANG_WARN_RANGE_LOOP_ANALYSIS = YES;
				CLANG_WARN_STRICT_PROTOTYPES = YES;
				CLANG_WARN_SUSPICIOUS_MOVE = YES;
				CLANG_WARN_UNGUARDED_AVAILABILITY = YES_AGGRESSIVE;
				CLANG_WARN_UNREACHABLE_CODE = YES;
				CLANG_WARN__DUPLICATE_METHOD_MATCH = YES;
				COPY_PHASE_STRIP = NO;
				DEBUG_INFORMATION_FORMAT = "dwarf-with-dsym";
				ENABLE_NS_ASSERTIONS = NO;
				ENABLE_STRICT_OBJC_MSGSEND = YES;
				ENABLE_USER_SCRIPT_SANDBOXING = YES;
				GCC_C_LANGUAGE_STANDARD = gnu17;
				GCC_NO_COMMON_BLOCKS = YES;
				GCC_WARN_64_TO_32_BIT_CONVERSION = YES;
				GCC_WARN_ABOUT_RETURN_TYPE = YES_ERROR;
				GCC_WARN_UNDECLARED_SELECTOR = YES;
				GCC_WARN_UNINITIALIZED_AUTOS = YES_AGGRESSIVE;
				GCC_WARN_UNUSED_FUNCTION = YES;
				GCC_WARN_UNUSED_VARIABLE = YES;
				IPHONEOS_DEPLOYMENT_TARGET = 17.2;
				LOCALIZATION_PREFERS_STRING_CATALOGS = YES;
				MTL_ENABLE_DEBUG_INFO = NO;
				MTL_FAST_MATH = YES;
				SDKROOT = iphoneos;
				SWIFT_COMPILATION_MODE = wholemodule;
				VALIDATE_PRODUCT = YES;
			};
			name = Release;
		};
		C3A4BBA22B5F6E4D004A9EB4 /* Debug */ = {
			isa = XCBuildConfiguration;
			buildSettings = {
				ASSETCATALOG_COMPILER_APPICON_NAME = AppIcon;
				ASSETCATALOG_COMPILER_GLOBAL_ACCENT_COLOR_NAME = AccentColor;
				CODE_SIGN_STYLE = Automatic;
				CURRENT_PROJECT_VERSION = 1;
				GENERATE_INFOPLIST_FILE = YES;
				INFOPLIST_FILE = ToDoList/Info.plist;
				INFOPLIST_KEY_UIApplicationSupportsIndirectInputEvents = YES;
				INFOPLIST_KEY_UILaunchStoryboardName = LaunchScreen;
				INFOPLIST_KEY_UIMainStoryboardFile = Main;
				INFOPLIST_KEY_UISupportedInterfaceOrientations_iPad = "UIInterfaceOrientationPortrait UIInterfaceOrientationPortraitUpsideDown UIInterfaceOrientationLandscapeLeft UIInterfaceOrientationLandscapeRight";
				INFOPLIST_KEY_UISupportedInterfaceOrientations_iPhone = "UIInterfaceOrientationPortrait UIInterfaceOrientationLandscapeLeft UIInterfaceOrientationLandscapeRight";
				LD_RUNPATH_SEARCH_PATHS = (
					"$(inherited)",
					"@executable_path/Frameworks",
				);
				MARKETING_VERSION = 1.0;
				PRODUCT_BUNDLE_IDENTIFIER = arumugaperumal.ToDoList;
				PRODUCT_NAME = "$(TARGET_NAME)";
				SWIFT_EMIT_LOC_STRINGS = YES;
				SWIFT_VERSION = 5.0;
				TARGETED_DEVICE_FAMILY = "1,2";
			};
			name = Debug;
		};
		C3A4BBA32B5F6E4D004A9EB4 /* Release */ = {
			isa = XCBuildConfiguration;
			buildSettings = {
				ASSETCATALOG_COMPILER_APPICON_NAME = AppIcon;
				ASSETCATALOG_COMPILER_GLOBAL_ACCENT_COLOR_NAME = AccentColor;
				CODE_SIGN_STYLE = Automatic;
				CURRENT_PROJECT_VERSION = 1;
				GENERATE_INFOPLIST_FILE = YES;
				INFOPLIST_FILE = ToDoList/Info.plist;
				INFOPLIST_KEY_UIApplicationSupportsIndirectInputEvents = YES;
				INFOPLIST_KEY_UILaunchStoryboardName = LaunchScreen;
				INFOPLIST_KEY_UIMainStoryboardFile = Main;
				INFOPLIST_KEY_UISupportedInterfaceOrientations_iPad = "UIInterfaceOrientationPortrait UIInterfaceOrientationPortraitUpsideDown UIInterfaceOrientationLandscapeLeft UIInterfaceOrientationLandscapeRight";
				INFOPLIST_KEY_UISupportedInterfaceOrientations_iPhone = "UIInterfaceOrientationPortrait UIInterfaceOrientationLandscapeLeft UIInterfaceOrientationLandscapeRight";
				LD_RUNPATH_SEARCH_PATHS = (
					"$(inherited)",
					"@executable_path/Frameworks",
				);
				MARKETING_VERSION = 1.0;
				PRODUCT_BUNDLE_IDENTIFIER = arumugaperumal.ToDoList;
				PRODUCT_NAME = "$(TARGET_NAME)";
				SWIFT_EMIT_LOC_STRINGS = YES;
				SWIFT_VERSION = 5.0;
				TARGETED_DEVICE_FAMILY = "1,2";
			};
			name = Release;
		};
/* End XCBuildConfiguration section */

/* Begin XCConfigurationList section */
		C3A4BB882B5F6E4C004A9EB4 /* Build configuration list for PBXProject "ToDoList" */ = {
			isa = XCConfigurationList;
			buildConfigurations = (
				C3A4BB9F2B5F6E4D004A9EB4 /* Debug */,
				C3A4BBA02B5F6E4D004A9EB4 /* Release */,
			);
			defaultConfigurationIsVisible = 0;
			defaultConfigurationName = Release;
		};
		C3A4BBA12B5F6E4D004A9EB4 /* Build configuration list for PBXNativeTarget "ToDoList" */ = {
			isa = XCConfigurationList;
			buildConfigurations = (
				C3A4BBA22B5F6E4D004A9EB4 /* Debug */,
				C3A4BBA32B5F6E4D004A9EB4 /* Release */,
			);
			defaultConfigurationIsVisible = 0;
			defaultConfigurationName = Release;
		};
/* End XCConfigurationList section */

/* Begin XCVersionGroup section */
		C3BBCC292B60CD010020DB87 /* Notes.xcdatamodeld */ = {
			isa = XCVersionGroup;
			children = (
				C3BBCC2A2B60CD010020DB87 /* Notes.xcdatamodel */,
			);
			currentVersion = C3BBCC2A2B60CD010020DB87 /* Notes.xcdatamodel */;
			path = Notes.xcdatamodeld;
			sourceTree = "<group>";
			versionGroupType = wrapper.xcdatamodel;
		};
/* End XCVersionGroup section */
	};
	rootObject = C3A4BB852B5F6E4C004A9EB4 /* Project object */;
}
